
Microsoft Visual Studio Solution File, Format Version 12.00
# Visual Studio Version 17
VisualStudioVersion = 17.8.34330.188
MinimumVisualStudioVersion = 10.0.40219.1
Project("{FAE04EC0-301F-11D3-BF4B-00C04F79EFBC}") = "CKAT", "CKAT\CKAT.csproj", "{94C38EEA-70A4-48EE-B151-535FD075FD9C}"
EndProject
Global
	GlobalSection(SolutionConfigurationPlatforms) = preSolution
		Debug|Any CPU = Debug|Any CPU
		Release|Any CPU = Release|Any CPU
	EndGlobalSection
	GlobalSection(ProjectConfigurationPlatforms) = postSolution
		{94C38EEA-70A4-48EE-B151-535FD075FD9C}.Debug|Any CPU.ActiveCfg = Debug|Any CPU
		{94C38EEA-70A4-48EE-B151-535FD075FD9C}.Debug|Any CPU.Build.0 = Debug|Any CPU
		{94C38EEA-70A4-48EE-B151-535FD075FD9C}.Release|Any CPU.ActiveCfg = Release|Any CPU
		{94C38EEA-70A4-48EE-B151-535FD075FD9C}.Release|Any CPU.Build.0 = Release|Any CPU
	EndGlobalSection
	GlobalSection(SolutionProperties) = preSolution
		HideSolutionNode = FALSE
	EndGlobalSection
	GlobalSection(ExtensibilityGlobals) = postSolution
		SolutionGuid = {29D1CB6F-29D1-4378-A3F0-97377452F57C}
	EndGlobalSection
EndGlobal
